
Microsoft Visual Studio Solution File, Format Version 12.00
# Visual Studio Version 16
VisualStudioVersion = 16.0.34931.43
MinimumVisualStudioVersion = 10.0.40219.1
Project("{FAE04EC0-301F-11D3-BF4B-00C04F79EFBC}") = "43-practicum", "43-practicum.csproj", "{D5318E6A-EC07-4027-B1F0-8E280DAC9CA5}"
EndProject
Global
	GlobalSection(SolutionConfigurationPlatforms) = preSolution
		Debug|Any CPU = Debug|Any CPU
		Release|Any CPU = Release|Any CPU
	EndGlobalSection
	GlobalSection(ProjectConfigurationPlatforms) = postSolution
		{D5318E6A-EC07-4027-B1F0-8E280DAC9CA5}.Debug|Any CPU.ActiveCfg = Debug|Any CPU
		{D5318E6A-EC07-4027-B1F0-8E280DAC9CA5}.Debug|Any CPU.Build.0 = Debug|Any CPU
		{D5318E6A-EC07-4027-B1F0-8E280DAC9CA5}.Release|Any CPU.ActiveCfg = Release|Any CPU
		{D5318E6A-EC07-4027-B1F0-8E280DAC9CA5}.Release|Any CPU.Build.0 = Release|Any CPU
	EndGlobalSection
	GlobalSection(SolutionProperties) = preSolution
		HideSolutionNode = FALSE
	EndGlobalSection
	GlobalSection(ExtensibilityGlobals) = postSolution
		SolutionGuid = {93FAECA4-8892-47F9-8B73-49D622285A4B}
	EndGlobalSection
EndGlobal
